
Microsoft Visual Studio Solution File, Format Version 12.00
# Visual Studio Version 17
VisualStudioVersion = 17.6.33723.286
MinimumVisualStudioVersion = 10.0.40219.1
Project("{9A19103F-16F7-4668-BE54-9A1E7A4F7556}") = "WinamptoSpotifyWinForms", "WinamptoSpotifyWinForms\WinamptoSpotifyWinForms.csproj", "{F25D7D0D-137C-4391-9BCF-8FBB8FAF92CE}"
EndProject
Project("{FAE04EC0-301F-11D3-BF4B-00C04F79EFBC}") = "WinamptoSpotifyWinForms.Tests", "WinamptoSpotifyWinForms.Tests\WinamptoSpotifyWinForms.Tests.csproj", "{1874C156-9380-4382-8C4D-D9A2C116542A}"
EndProject
Global
	GlobalSection(SolutionConfigurationPlatforms) = preSolution
		Debug|Any CPU = Debug|Any CPU
		Release|Any CPU = Release|Any CPU
	EndGlobalSection
	GlobalSection(ProjectConfigurationPlatforms) = postSolution
		{F25D7D0D-137C-4391-9BCF-8FBB8FAF92CE}.Debug|Any CPU.ActiveCfg = Debug|Any CPU
		{F25D7D0D-137C-4391-9BCF-8FBB8FAF92CE}.Debug|Any CPU.Build.0 = Debug|Any CPU
		{F25D7D0D-137C-4391-9BCF-8FBB8FAF92CE}.Release|Any CPU.ActiveCfg = Release|Any CPU
		{F25D7D0D-137C-4391-9BCF-8FBB8FAF92CE}.Release|Any CPU.Build.0 = Release|Any CPU
		{1874C156-9380-4382-8C4D-D9A2C116542A}.Debug|Any CPU.ActiveCfg = Debug|Any CPU
		{1874C156-9380-4382-8C4D-D9A2C116542A}.Debug|Any CPU.Build.0 = Debug|Any CPU
		{1874C156-9380-4382-8C4D-D9A2C116542A}.Release|Any CPU.ActiveCfg = Release|Any CPU
		{1874C156-9380-4382-8C4D-D9A2C116542A}.Release|Any CPU.Build.0 = Release|Any CPU
	EndGlobalSection
	GlobalSection(SolutionProperties) = preSolution
		HideSolutionNode = FALSE
	EndGlobalSection
	GlobalSection(ExtensibilityGlobals) = postSolution
		SolutionGuid = {C640C774-3774-48AA-9D22-1E92383B3C53}
	EndGlobalSection
EndGlobal
