
Microsoft Visual Studio Solution File, Format Version 12.00
# Visual Studio Version 17
VisualStudioVersion = 17.6.33723.286
MinimumVisualStudioVersion = 10.0.40219.1
Project("{9A19103F-16F7-4668-BE54-9A1E7A4F7556}") = "winamptospotifyforms", "winamptospotifyforms.csproj", "{A62AF012-A1D1-4076-95E2-819CF21FB00D}"
EndProject
Global
	GlobalSection(SolutionConfigurationPlatforms) = preSolution
		Debug|Any CPU = Debug|Any CPU
		Release|Any CPU = Release|Any CPU
	EndGlobalSection
	GlobalSection(ProjectConfigurationPlatforms) = postSolution
		{A62AF012-A1D1-4076-95E2-819CF21FB00D}.Debug|Any CPU.ActiveCfg = Debug|Any CPU
		{A62AF012-A1D1-4076-95E2-819CF21FB00D}.Debug|Any CPU.Build.0 = Debug|Any CPU
		{A62AF012-A1D1-4076-95E2-819CF21FB00D}.Release|Any CPU.ActiveCfg = Release|Any CPU
		{A62AF012-A1D1-4076-95E2-819CF21FB00D}.Release|Any CPU.Build.0 = Release|Any CPU
	EndGlobalSection
	GlobalSection(SolutionProperties) = preSolution
		HideSolutionNode = FALSE
	EndGlobalSection
	GlobalSection(ExtensibilityGlobals) = postSolution
		SolutionGuid = {C640C774-3774-48AA-9D22-1E92383B3C53}
	EndGlobalSection
EndGlobal
